<?xml version="1.0" encoding="utf-8"?>
<Project ToolsVersion="4.0" xmlns="http://schemas.microsoft.com/developer/msbuild/2003">
  <ItemGroup>
    <ClCompile Include="Framework\main.cpp">
      <Filter>Framework</Filter>
    </ClCompile>
    <ClCompile Include="Framework\Framework.cpp">
      <Filter>Framework\1.Framework</Filter>
    </ClCompile>
    <ClCompile Include="Framework\Scene.cpp">
      <Filter>Framework\3.Scene</Filter>
    </ClCompile>
    <ClCompile Include="Framework\stdafx.cpp">
      <Filter>Framework\PCH</Filter>
    </ClCompile>
    <ClCompile Include="Framework\GameObject.cpp">
      <Filter>Framework\5.GameObject</Filter>
    </ClCompile>
    <ClCompile Include="Framework\SpriteGo.cpp">
      <Filter>Framework\5.GameObject</Filter>
    </ClCompile>
    <ClCompile Include="Framework\TextGo.cpp">
      <Filter>Framework\5.GameObject</Filter>
    </ClCompile>
    <ClCompile Include="Framework\SceneDev1.cpp">
      <Filter>Scenes\Dev1</Filter>
    </ClCompile>
    <ClCompile Include="Framework\SceneDev2.cpp">
      <Filter>Scenes\Dev2</Filter>
    </ClCompile>
    <ClCompile Include="src\SceneGame.cpp">
      <Filter>Scenes\Game</Filter>
    </ClCompile>
    <ClCompile Include="src\Ball.cpp">
      <Filter>Scenes\Game\Component</Filter>
    </ClCompile>
    <ClCompile Include="src\Bat.cpp">
      <Filter>Scenes\Game\Component</Filter>
    </ClCompile>
    <ClCompile Include="Framework\Utils.cpp">
      <Filter>Framework\6.Utils</Filter>
    </ClCompile>
    <ClCompile Include="Framework\InputManager.cpp">
      <Filter>Framework\2.Manager\InputManager</Filter>
    </ClCompile>
    <ClCompile Include="Framework\SceneManager.cpp">
      <Filter>Framework\2.Manager\SceneManager</Filter>
    </ClCompile>
    <ClCompile Include="Framework\ResourceTableManager.cpp">
      <Filter>Framework\2.Manager\ResourceManager</Filter>
    </ClCompile>
    <ClCompile Include="BattleManager.cpp">
      <Filter>Scenes\Dev1\Battle</Filter>
    </ClCompile>
    <ClCompile Include="ExploreManager.cpp">
      <Filter>Scenes\Dev1\Explore</Filter>
    </ClCompile>
    <ClCompile Include="Framework\HitBox.cpp">
      <Filter>Framework\5.GameObject</Filter>
    </ClCompile>
    <ClCompile Include="Framework\Variables.cpp">
      <Filter>Framework\7.Define</Filter>
    </ClCompile>
    <ClCompile Include="UiDungeon.cpp">
      <Filter>Scenes\Dev1\UI</Filter>
    </ClCompile>
    <ClCompile Include="AnimationClip.cpp">
      <Filter>Framework\4.Anim</Filter>
    </ClCompile>
    <ClCompile Include="Animator.cpp">
      <Filter>Framework\4.Anim</Filter>
    </ClCompile>
    <ClCompile Include="Slot.cpp">
      <Filter>Scenes\Dev1\Entity\Skill</Filter>
    </ClCompile>
    <ClCompile Include="MonsterContainer.cpp">
      <Filter>Scenes\Dev1\Entity\Monster</Filter>
    </ClCompile>
    <ClCompile Include="Monster.cpp">
      <Filter>Scenes\Dev1\Entity\Monster</Filter>
    </ClCompile>
    <ClCompile Include="src\CharacterContainer.cpp">
      <Filter>Scenes\Dev1\Entity\Character</Filter>
    </ClCompile>
    <ClCompile Include="Character.cpp">
      <Filter>Scenes\Dev1\Entity\Character</Filter>
    </ClCompile>
    <ClCompile Include="Framework\StringTable.cpp">
      <Filter>Framework\Table</Filter>
    </ClCompile>
    <ClCompile Include="Framework\DataTable.cpp">
      <Filter>Framework\Table</Filter>
    </ClCompile>
    <ClCompile Include="Framework\DataTableMgr.cpp">
      <Filter>Framework\Table</Filter>
    </ClCompile>
    <ClCompile Include="DebuffText.cpp">
      <Filter>Scenes\Dev1\Entity\Text</Filter>
    </ClCompile>
    <ClCompile Include="DamageText.cpp">
      <Filter>Scenes\Dev1\Entity\Text</Filter>
    </ClCompile>
    <ClCompile Include="Effector.cpp">
      <Filter>Scenes\Dev1\Effect</Filter>
    </ClCompile>
    <ClCompile Include="MonsterInfoPanel.cpp">
      <Filter>Scenes\Dev1\UI\Component</Filter>
    </ClCompile>
    <ClCompile Include="NameFrame.cpp">
      <Filter>Scenes\Dev1\UI\Component</Filter>
    </ClCompile>
  </ItemGroup>
  <ItemGroup>
    <ClInclude Include="Framework\Framework.h">
      <Filter>Framework\1.Framework</Filter>
    </ClInclude>
    <ClInclude Include="Framework\Scene.h">
      <Filter>Framework\3.Scene</Filter>
    </ClInclude>
    <ClInclude Include="Framework\stdafx.h">
      <Filter>Framework\PCH</Filter>
    </ClInclude>
    <ClInclude Include="Framework\GameObject.h">
      <Filter>Framework\5.GameObject</Filter>
    </ClInclude>
    <ClInclude Include="Framework\SpriteGo.h">
      <Filter>Framework\5.GameObject</Filter>
    </ClInclude>
    <ClInclude Include="Framework\TextGo.h">
      <Filter>Framework\5.GameObject</Filter>
    </ClInclude>
    <ClInclude Include="Framework\Defines.h">
      <Filter>Framework\7.Define</Filter>
    </ClInclude>
    <ClInclude Include="Framework\Singleton.h">
      <Filter>Framework\Template</Filter>
    </ClInclude>
    <ClInclude Include="Framework\ObjectPool.h">
      <Filter>Framework\Template</Filter>
    </ClInclude>
    <ClInclude Include="Framework\SceneDev1.h">
      <Filter>Scenes\Dev1</Filter>
    </ClInclude>
    <ClInclude Include="Framework\SceneDev2.h">
      <Filter>Scenes\Dev2</Filter>
    </ClInclude>
    <ClInclude Include="src\SceneGame.h">
      <Filter>Scenes\Game</Filter>
    </ClInclude>
    <ClInclude Include="src\Bat.h">
      <Filter>Scenes\Game\Component</Filter>
    </ClInclude>
    <ClInclude Include="src\Ball.h">
      <Filter>Scenes\Game\Component</Filter>
    </ClInclude>
    <ClInclude Include="Framework\Utils.h">
      <Filter>Framework\6.Utils</Filter>
    </ClInclude>
    <ClInclude Include="Framework\InputManager.h">
      <Filter>Framework\2.Manager\InputManager</Filter>
    </ClInclude>
    <ClInclude Include="Framework\SceneManager.h">
      <Filter>Framework\2.Manager\SceneManager</Filter>
    </ClInclude>
    <ClInclude Include="Framework\ResourceManager.h">
      <Filter>Framework\2.Manager\ResourceManager</Filter>
    </ClInclude>
    <ClInclude Include="Framework\ResourceTableManager.h">
      <Filter>Framework\2.Manager\ResourceManager</Filter>
    </ClInclude>
    <ClInclude Include="BattleManager.h">
      <Filter>Scenes\Dev1\Battle</Filter>
    </ClInclude>
    <ClInclude Include="ExploreManager.h">
      <Filter>Scenes\Dev1\Explore</Filter>
    </ClInclude>
    <ClInclude Include="Framework\HitBox.h">
      <Filter>Framework\5.GameObject</Filter>
    </ClInclude>
    <ClInclude Include="Framework\Variables.h">
      <Filter>Framework\7.Define</Filter>
    </ClInclude>
    <ClInclude Include="UiDungeon.h">
      <Filter>Scenes\Dev1\UI</Filter>
    </ClInclude>
    <ClInclude Include="AnimationClip.h">
      <Filter>Framework\4.Anim</Filter>
    </ClInclude>
    <ClInclude Include="Animator.h">
      <Filter>Framework\4.Anim</Filter>
    </ClInclude>
    <ClInclude Include="Framework\FZLog.hpp">
      <Filter>Framework\8.Log</Filter>
    </ClInclude>
    <ClInclude Include="Skill.h">
      <Filter>Scenes\Dev1\Entity\Skill</Filter>
    </ClInclude>
    <ClInclude Include="Slot.h">
      <Filter>Scenes\Dev1\Entity\Skill</Filter>
    </ClInclude>
    <ClInclude Include="SkillCrusader.h">
      <Filter>Scenes\Dev1\Entity\Skill\SkillCharacter</Filter>
    </ClInclude>
    <ClInclude Include="MonsterContainer.h">
      <Filter>Scenes\Dev1\Entity\Monster</Filter>
    </ClInclude>
    <ClInclude Include="Monster.h">
      <Filter>Scenes\Dev1\Entity\Monster</Filter>
    </ClInclude>
    <ClInclude Include="src\CharacterContainer.h">
      <Filter>Scenes\Dev1\Entity\Character</Filter>
    </ClInclude>
    <ClInclude Include="Character.h">
      <Filter>Scenes\Dev1\Entity\Character</Filter>
    </ClInclude>
    <ClInclude Include="SkillSkeletonMilitia.h">
      <Filter>Scenes\Dev1\Entity\Skill\SkillMonster</Filter>
    </ClInclude>
    <ClInclude Include="Framework\StringTable.h">
      <Filter>Framework\Table</Filter>
    </ClInclude>
    <ClInclude Include="Framework\DataTable.h">
      <Filter>Framework\Table</Filter>
    </ClInclude>
    <ClInclude Include="Framework\DataTableMgr.h">
      <Filter>Framework\Table</Filter>
    </ClInclude>
    <ClInclude Include="DebuffText.h">
      <Filter>Scenes\Dev1\Entity\Text</Filter>
    </ClInclude>
    <ClInclude Include="DamageText.h">
      <Filter>Scenes\Dev1\Entity\Text</Filter>
    </ClInclude>
    <ClInclude Include="Effector.h">
      <Filter>Scenes\Dev1\Effect</Filter>
    </ClInclude>
    <ClInclude Include="MonsterInfoPanel.h">
      <Filter>Scenes\Dev1\UI\Component</Filter>
    </ClInclude>
    <ClInclude Include="NameFrame.h">
      <Filter>Scenes\Dev1\UI\Component</Filter>
    </ClInclude>
  </ItemGroup>
  <ItemGroup>
    <Filter Include="Framework">
      <UniqueIdentifier>{b37c1bdf-1b12-4425-b24b-f688fee408dc}</UniqueIdentifier>
    </Filter>
    <Filter Include="Scenes">
      <UniqueIdentifier>{e534f2e5-780a-4e9e-8a9c-d5ec11ea1df4}</UniqueIdentifier>
    </Filter>
    <Filter Include="Framework\1.Framework">
      <UniqueIdentifier>{0c2ad317-dcd4-4727-a631-34f6397ed935}</UniqueIdentifier>
    </Filter>
    <Filter Include="Framework\3.Scene">
      <UniqueIdentifier>{e267ffde-0f44-4ad0-b4f1-ba3dc0fb1d7d}</UniqueIdentifier>
    </Filter>
    <Filter Include="Framework\4.Anim">
      <UniqueIdentifier>{3591b251-4844-48e9-a896-eea79329e3d4}</UniqueIdentifier>
    </Filter>
    <Filter Include="Framework\PCH">
      <UniqueIdentifier>{a7620a5f-f901-4d45-b381-93e6fb72af59}</UniqueIdentifier>
    </Filter>
    <Filter Include="Framework\5.GameObject">
      <UniqueIdentifier>{f247a2d0-ef3f-450a-bb0e-e91868336ad1}</UniqueIdentifier>
    </Filter>
    <Filter Include="Framework\2.Manager">
      <UniqueIdentifier>{dc125e2c-2447-4eea-a2a8-f6c95c55d4bc}</UniqueIdentifier>
    </Filter>
    <Filter Include="Framework\Template">
      <UniqueIdentifier>{bdac7c89-29d6-45cc-b775-c66ab82000dc}</UniqueIdentifier>
    </Filter>
    <Filter Include="Global">
      <UniqueIdentifier>{d019ae7b-2b01-4e89-97f8-3efbd40ae83c}</UniqueIdentifier>
    </Filter>
    <Filter Include="Scenes\Dev1">
      <UniqueIdentifier>{d9f51e8b-2f08-4f5e-90c8-64d029e2022d}</UniqueIdentifier>
    </Filter>
    <Filter Include="Scenes\Dev2">
      <UniqueIdentifier>{6a5cf147-9c1d-4618-8f70-2f48b3a2c043}</UniqueIdentifier>
    </Filter>
    <Filter Include="Scenes\Game">
      <UniqueIdentifier>{b8b89110-e28e-44c0-8219-94caa44f3919}</UniqueIdentifier>
    </Filter>
    <Filter Include="Scenes\Game\Component">
      <UniqueIdentifier>{66b5cc20-48ed-43b1-bdfc-07f89d1c0b29}</UniqueIdentifier>
    </Filter>
    <Filter Include="Framework\7.Define">
      <UniqueIdentifier>{e9031e08-28fe-40ab-b731-8514ff7c2e02}</UniqueIdentifier>
    </Filter>
    <Filter Include="Framework\6.Utils">
      <UniqueIdentifier>{f3a0cb27-0a30-421d-8946-d8a3cb96d7c7}</UniqueIdentifier>
    </Filter>
    <Filter Include="Framework\2.Manager\InputManager">
      <UniqueIdentifier>{e49e54ed-1437-43f5-93c8-4b67a396dbf6}</UniqueIdentifier>
    </Filter>
    <Filter Include="Framework\2.Manager\SceneManager">
      <UniqueIdentifier>{144029c9-17a1-4432-b7ce-57716a786aca}</UniqueIdentifier>
    </Filter>
    <Filter Include="Framework\2.Manager\ResourceManager">
      <UniqueIdentifier>{c4a62eaf-1297-4b16-a9d3-f5f5f26acb36}</UniqueIdentifier>
    </Filter>
    <Filter Include="Scenes\Dev1\Battle">
      <UniqueIdentifier>{10566202-c489-4b2d-bf6c-b018e50c0615}</UniqueIdentifier>
    </Filter>
    <Filter Include="Scenes\Dev1\Explore">
      <UniqueIdentifier>{05263364-ee39-41a5-843d-46654f49b5d2}</UniqueIdentifier>
    </Filter>
    <Filter Include="Scenes\Dev1\UI">
      <UniqueIdentifier>{3784f399-981e-40a9-b664-e630868a7267}</UniqueIdentifier>
    </Filter>
    <Filter Include="Scenes\Dev1\General">
      <UniqueIdentifier>{4472138b-18b1-411c-96fc-174b15228645}</UniqueIdentifier>
    </Filter>
    <Filter Include="Framework\8.Log">
      <UniqueIdentifier>{2691c827-c077-4dc9-92fe-3d42d2a6e434}</UniqueIdentifier>
    </Filter>
    <Filter Include="Scenes\Dev1\Entity">
      <UniqueIdentifier>{60e19c18-b8e8-4da8-883c-9c91d9d58689}</UniqueIdentifier>
    </Filter>
    <Filter Include="Scenes\Dev1\Entity\Skill">
      <UniqueIdentifier>{9e4726b2-bd5f-4cbd-9356-bb5005928d2b}</UniqueIdentifier>
    </Filter>
    <Filter Include="Scenes\Dev1\Entity\Character">
      <UniqueIdentifier>{6265df02-a2bb-4e8b-a5fb-9361dcc743e3}</UniqueIdentifier>
    </Filter>
    <Filter Include="Scenes\Dev1\Entity\Monster">
      <UniqueIdentifier>{8a84d8fc-5023-49bb-b097-a6c4a5113823}</UniqueIdentifier>
    </Filter>
    <Filter Include="Scenes\Dev1\Entity\Skill\SkillCharacter">
      <UniqueIdentifier>{439c5317-7fee-4cf3-9f2a-98245a0b9665}</UniqueIdentifier>
    </Filter>
    <Filter Include="Scenes\Dev1\Entity\Skill\SkillMonster">
      <UniqueIdentifier>{493f61e8-a2c9-433b-b9d5-343c384dfb66}</UniqueIdentifier>
    </Filter>
    <Filter Include="Framework\Table">
      <UniqueIdentifier>{2e1ab009-7646-4d98-94c7-b0f72e54b121}</UniqueIdentifier>
    </Filter>
    <Filter Include="Scenes\Dev1\Entity\Text">
      <UniqueIdentifier>{82b4c509-708c-4f22-a9ad-d3b7d59d4827}</UniqueIdentifier>
    </Filter>
    <Filter Include="Scenes\Dev1\Effect">
      <UniqueIdentifier>{395ad000-f1ca-4359-aaa4-917419ee9851}</UniqueIdentifier>
    </Filter>
    <Filter Include="Scenes\Dev1\UI\Component">
      <UniqueIdentifier>{ccc721e4-9d3c-4ef6-bb8c-38b74c5630f3}</UniqueIdentifier>
    </Filter>
  </ItemGroup>
</Project>